
Microsoft Visual Studio Solution File, Format Version 12.00
# Visual Studio 2012
Project("{FAE04EC0-301F-11D3-BF4B-00C04F79EFBC}") = "BoinWallet", "BoinWallet\BoinWallet.csproj", "{DCF5E38B-15C7-4C5C-AFE7-C3A0585C8882}"
EndProject
Global
	GlobalSection(SolutionConfigurationPlatforms) = preSolution
		Debug|iPhoneSimulator = Debug|iPhoneSimulator
		Release|iPhone = Release|iPhone
		Release|iPhoneSimulator = Release|iPhoneSimulator
		Debug|iPhone = Debug|iPhone
	EndGlobalSection
	GlobalSection(ProjectConfigurationPlatforms) = postSolution
		{DCF5E38B-15C7-4C5C-AFE7-C3A0585C8882}.Debug|iPhoneSimulator.ActiveCfg = Debug|iPhoneSimulator
		{DCF5E38B-15C7-4C5C-AFE7-C3A0585C8882}.Debug|iPhoneSimulator.Build.0 = Debug|iPhoneSimulator
		{DCF5E38B-15C7-4C5C-AFE7-C3A0585C8882}.Release|iPhone.ActiveCfg = Release|iPhone
		{DCF5E38B-15C7-4C5C-AFE7-C3A0585C8882}.Release|iPhone.Build.0 = Release|iPhone
		{DCF5E38B-15C7-4C5C-AFE7-C3A0585C8882}.Release|iPhoneSimulator.ActiveCfg = Release|iPhoneSimulator
		{DCF5E38B-15C7-4C5C-AFE7-C3A0585C8882}.Release|iPhoneSimulator.Build.0 = Release|iPhoneSimulator
		{DCF5E38B-15C7-4C5C-AFE7-C3A0585C8882}.Debug|iPhone.ActiveCfg = Debug|iPhone
		{DCF5E38B-15C7-4C5C-AFE7-C3A0585C8882}.Debug|iPhone.Build.0 = Debug|iPhone
	EndGlobalSection
EndGlobal
